<Solution>
  <Project Path="src/SchematicHQ.Community.AspNetCore.TestApp/SchematicHQ.Community.AspNetCore.TestApp.csproj" />
  <Project Path="src/SchematicHQ.Community.AspNetCore.Tests/SchematicHQ.Community.AspNetCore.Tests.csproj" />
  <Project Path="src/SchematicHQ.Community.AspNetCore/SchematicHQ.Community.AspNetCore.csproj" />
  <Project Path="src/SchematicHQ.Community.Extensions.AI/SchematicHQ.Community.Extensions.AI.csproj" />
  <Project Path="src/SchematicHQ.Community.Extensions.Quartz/SchematicHQ.Community.Extensions.Quartz.csproj" />
  <Project Path="src/SchematicHQ.Community.DependencyInjection/SchematicHQ.Community.DependencyInjection.csproj" />
</Solution>
